
Microsoft Visual Studio Solution File, Format Version 12.00
# Visual Studio Version 16
VisualStudioVersion = 16.0.31205.134
MinimumVisualStudioVersion = 10.0.40219.1
Project("{FAE04EC0-301F-11D3-BF4B-00C04F79EFBC}") = "TechTalk.AutoMapper.Tests", "TechTalk.AutoMapper.Tests\TechTalk.AutoMapper.Tests.csproj", "{5174E584-2C92-4F48-A0F3-5A30D8106E17}"
EndProject
Project("{FAE04EC0-301F-11D3-BF4B-00C04F79EFBC}") = "TechTalk.AutoMapper.Domain", "TechTalk.AutoMapper.Domain\TechTalk.AutoMapper.Domain.csproj", "{6274F219-4461-4354-B4A7-04C6FC032376}"
EndProject
Global
	GlobalSection(SolutionConfigurationPlatforms) = preSolution
		Debug|Any CPU = Debug|Any CPU
		Release|Any CPU = Release|Any CPU
	EndGlobalSection
	GlobalSection(ProjectConfigurationPlatforms) = postSolution
		{5174E584-2C92-4F48-A0F3-5A30D8106E17}.Debug|Any CPU.ActiveCfg = Debug|Any CPU
		{5174E584-2C92-4F48-A0F3-5A30D8106E17}.Debug|Any CPU.Build.0 = Debug|Any CPU
		{5174E584-2C92-4F48-A0F3-5A30D8106E17}.Release|Any CPU.ActiveCfg = Release|Any CPU
		{5174E584-2C92-4F48-A0F3-5A30D8106E17}.Release|Any CPU.Build.0 = Release|Any CPU
		{6274F219-4461-4354-B4A7-04C6FC032376}.Debug|Any CPU.ActiveCfg = Debug|Any CPU
		{6274F219-4461-4354-B4A7-04C6FC032376}.Debug|Any CPU.Build.0 = Debug|Any CPU
		{6274F219-4461-4354-B4A7-04C6FC032376}.Release|Any CPU.ActiveCfg = Release|Any CPU
		{6274F219-4461-4354-B4A7-04C6FC032376}.Release|Any CPU.Build.0 = Release|Any CPU
	EndGlobalSection
	GlobalSection(SolutionProperties) = preSolution
		HideSolutionNode = FALSE
	EndGlobalSection
	GlobalSection(ExtensibilityGlobals) = postSolution
		SolutionGuid = {BF1A272A-5BC7-44D1-AF46-94EFEAB07A0F}
	EndGlobalSection
EndGlobal
